
Microsoft Visual Studio Solution File, Format Version 11.00
# Visual Studio 2010
Project("{FAE04EC0-301F-11D3-BF4B-00C04F79EFBC}") = "GoogleBigQueryServiceAccount", "GoogleBigQueryServiceAccount\GoogleBigQueryServiceAccount.csproj", "{C33DCD97-DB04-49B3-BF7A-35C4C0E12802}"
EndProject
Global
	GlobalSection(SolutionConfigurationPlatforms) = preSolution
		Debug|x86 = Debug|x86
		Release|x86 = Release|x86
	EndGlobalSection
	GlobalSection(ProjectConfigurationPlatforms) = postSolution
		{C33DCD97-DB04-49B3-BF7A-35C4C0E12802}.Debug|x86.ActiveCfg = Debug|x86
		{C33DCD97-DB04-49B3-BF7A-35C4C0E12802}.Debug|x86.Build.0 = Debug|x86
		{C33DCD97-DB04-49B3-BF7A-35C4C0E12802}.Release|x86.ActiveCfg = Release|x86
		{C33DCD97-DB04-49B3-BF7A-35C4C0E12802}.Release|x86.Build.0 = Release|x86
	EndGlobalSection
	GlobalSection(SolutionProperties) = preSolution
		HideSolutionNode = FALSE
	EndGlobalSection
EndGlobal
