
Microsoft Visual Studio Solution File, Format Version 11.00
# Visual Studio 2010
Project("{FAE04EC0-301F-11D3-BF4B-00C04F79EFBC}") = "Google-Fitness", "Google-Fitness\Google-Fitness.csproj", "{64123268-506D-4C54-9608-97A83C416079}"
EndProject
Global
	GlobalSection(SolutionConfigurationPlatforms) = preSolution
		Debug|x86 = Debug|x86
		Release|x86 = Release|x86
	EndGlobalSection
	GlobalSection(ProjectConfigurationPlatforms) = postSolution
		{64123268-506D-4C54-9608-97A83C416079}.Debug|x86.ActiveCfg = Debug|x86
		{64123268-506D-4C54-9608-97A83C416079}.Debug|x86.Build.0 = Debug|x86
		{64123268-506D-4C54-9608-97A83C416079}.Release|x86.ActiveCfg = Release|x86
		{64123268-506D-4C54-9608-97A83C416079}.Release|x86.Build.0 = Release|x86
	EndGlobalSection
	GlobalSection(SolutionProperties) = preSolution
		HideSolutionNode = FALSE
	EndGlobalSection
EndGlobal
